
Microsoft Visual Studio Solution File, Format Version 12.00
# Visual Studio Version 16
VisualStudioVersion = 16.0.30011.22
MinimumVisualStudioVersion = 10.0.40219.1
Project("{9A19103F-16F7-4668-BE54-9A1E7A4F7556}") = "DemoWebCore", "DemoWebCore\DemoWebCore.csproj", "{42B6C80D-CEDE-430B-81F4-7F11B1D2AC76}"
EndProject
Project("{9A19103F-16F7-4668-BE54-9A1E7A4F7556}") = "WebStatsMonitorCore", "WebStatsMonitorCore\WebStatsMonitorCore.csproj", "{4177678B-09B2-44C5-8257-80B7A40EF91B}"
EndProject
Project("{9A19103F-16F7-4668-BE54-9A1E7A4F7556}") = "DummyWebCore", "DummyWebCore\DummyWebCore.csproj", "{D313FBF5-A448-4043-A982-EB7CAF14BF37}"
EndProject
Global
	GlobalSection(SolutionConfigurationPlatforms) = preSolution
		Debug|Any CPU = Debug|Any CPU
		Release|Any CPU = Release|Any CPU
	EndGlobalSection
	GlobalSection(ProjectConfigurationPlatforms) = postSolution
		{42B6C80D-CEDE-430B-81F4-7F11B1D2AC76}.Debug|Any CPU.ActiveCfg = Debug|Any CPU
		{42B6C80D-CEDE-430B-81F4-7F11B1D2AC76}.Debug|Any CPU.Build.0 = Debug|Any CPU
		{42B6C80D-CEDE-430B-81F4-7F11B1D2AC76}.Release|Any CPU.ActiveCfg = Release|Any CPU
		{42B6C80D-CEDE-430B-81F4-7F11B1D2AC76}.Release|Any CPU.Build.0 = Release|Any CPU
		{4177678B-09B2-44C5-8257-80B7A40EF91B}.Debug|Any CPU.ActiveCfg = Debug|Any CPU
		{4177678B-09B2-44C5-8257-80B7A40EF91B}.Debug|Any CPU.Build.0 = Debug|Any CPU
		{4177678B-09B2-44C5-8257-80B7A40EF91B}.Release|Any CPU.ActiveCfg = Release|Any CPU
		{4177678B-09B2-44C5-8257-80B7A40EF91B}.Release|Any CPU.Build.0 = Release|Any CPU
		{D313FBF5-A448-4043-A982-EB7CAF14BF37}.Debug|Any CPU.ActiveCfg = Debug|Any CPU
		{D313FBF5-A448-4043-A982-EB7CAF14BF37}.Debug|Any CPU.Build.0 = Debug|Any CPU
		{D313FBF5-A448-4043-A982-EB7CAF14BF37}.Release|Any CPU.ActiveCfg = Release|Any CPU
		{D313FBF5-A448-4043-A982-EB7CAF14BF37}.Release|Any CPU.Build.0 = Release|Any CPU
	EndGlobalSection
	GlobalSection(SolutionProperties) = preSolution
		HideSolutionNode = FALSE
	EndGlobalSection
	GlobalSection(ExtensibilityGlobals) = postSolution
		SolutionGuid = {213E18D7-8D83-459B-837B-D30DA7273AFE}
	EndGlobalSection
EndGlobal
